
Microsoft Visual Studio Solution File, Format Version 12.00
# Visual Studio Version 17
VisualStudioVersion = 17.12.35527.113 d17.12
MinimumVisualStudioVersion = 10.0.40219.1
Project("{FAE04EC0-301F-11D3-BF4B-00C04F79EFBC}") = "UniqueNamer", "UniqueNamer\UniqueNamer.csproj", "{1728891A-ED2E-4D84-8136-BD2D3188B752}"
EndProject
Project("{2150E333-8FDC-42A3-9474-1A3956D46DE8}") = "Solution Items", "Solution Items", "{A0382A77-81C3-4EFB-9230-D6048554A2AE}"
	ProjectSection(SolutionItems) = preProject
		.devops\azure-pipelines.yml = .devops\azure-pipelines.yml
		LICENSE = LICENSE
		README.md = README.md
	EndProjectSection
EndProject
Global
	GlobalSection(SolutionConfigurationPlatforms) = preSolution
		Debug|Any CPU = Debug|Any CPU
		Release|Any CPU = Release|Any CPU
	EndGlobalSection
	GlobalSection(ProjectConfigurationPlatforms) = postSolution
		{1728891A-ED2E-4D84-8136-BD2D3188B752}.Debug|Any CPU.ActiveCfg = Debug|Any CPU
		{1728891A-ED2E-4D84-8136-BD2D3188B752}.Debug|Any CPU.Build.0 = Debug|Any CPU
		{1728891A-ED2E-4D84-8136-BD2D3188B752}.Release|Any CPU.ActiveCfg = Release|Any CPU
		{1728891A-ED2E-4D84-8136-BD2D3188B752}.Release|Any CPU.Build.0 = Release|Any CPU
	EndGlobalSection
	GlobalSection(SolutionProperties) = preSolution
		HideSolutionNode = FALSE
	EndGlobalSection
EndGlobal
